<?xml version="1.0" encoding="utf-8"?>
<Project ToolsVersion="4.0" xmlns="http://schemas.microsoft.com/developer/msbuild/2003">
  <ItemGroup>
    <Filter Include="Source Files">
      <UniqueIdentifier>{4FC737F1-C7A5-4376-A066-2A32D752A2FF}</UniqueIdentifier>
      <Extensions>cpp;c;cc;cxx;c++;cppm;ixx;def;odl;idl;hpj;bat;asm;asmx</Extensions>
    </Filter>
    <Filter Include="Header Files">
      <UniqueIdentifier>{93995380-89BD-4b04-88EB-625FBE52EBFB}</UniqueIdentifier>
      <Extensions>h;hh;hpp;hxx;h++;hm;inl;inc;ipp;xsd</Extensions>
    </Filter>
    <Filter Include="Resource Files">
      <UniqueIdentifier>{67DA6AB6-F800-4c08-8B7A-83BB121AAD01}</UniqueIdentifier>
      <Extensions>rc;ico;cur;bmp;dlg;rc2;rct;bin;rgs;gif;jpg;jpeg;jpe;resx;tiff;tif;png;wav;mfcribbon-ms</Extensions>
    </Filter>
  </ItemGroup>
  <ItemGroup>
    <ClInclude Include="framework.h">
      <Filter>Header Files</Filter>
    </ClInclude>
    <ClInclude Include="pch.h">
      <Filter>Header Files</Filter>
    </ClInclude>
    <ClInclude Include="Engine\Source\Runtime\Core\Public\CoreGlobals.h">
      <Filter>Header Files</Filter>
    </ClInclude>
    <ClInclude Include="Engine\Source\Runtime\Core\Public\CoreTypes.h">
      <Filter>Header Files</Filter>
    </ClInclude>
    <ClInclude Include="Engine\Source\Runtime\Core\Public\Containers\StringConv.h">
      <Filter>Header Files</Filter>
    </ClInclude>
    <ClInclude Include="Engine\Source\Runtime\Core\Public\GenericPlatform\GenericPlatformMisc.h">
      <Filter>Header Files</Filter>
    </ClInclude>
    <ClInclude Include="Engine\Source\Runtime\Core\Public\HAL\CriticalSection.h">
      <Filter>Header Files</Filter>
    </ClInclude>
    <ClInclude Include="Engine\Source\Runtime\Core\Public\HAL\Platform.h">
      <Filter>Header Files</Filter>
    </ClInclude>
    <ClInclude Include="Engine\Source\Runtime\Core\Public\HAL\PlatformMisc.h">
      <Filter>Header Files</Filter>
    </ClInclude>
    <ClInclude Include="Engine\Source\Runtime\Core\Public\HAL\PreprocessorHelpers.h">
      <Filter>Header Files</Filter>
    </ClInclude>
    <ClInclude Include="Engine\Source\Runtime\Core\Public\HAL\UnrealMemory.h">
      <Filter>Header Files</Filter>
    </ClInclude>
    <ClInclude Include="Engine\Source\Runtime\Core\Public\Logging\LogCategory.h">
      <Filter>Header Files</Filter>
    </ClInclude>
    <ClInclude Include="Engine\Source\Runtime\Core\Public\Logging\LogMacros.h">
      <Filter>Header Files</Filter>
    </ClInclude>
    <ClInclude Include="Engine\Source\Runtime\Core\Public\Logging\LogScopedCategoryAndVerbosityOverride.h">
      <Filter>Header Files</Filter>
    </ClInclude>
    <ClInclude Include="Engine\Source\Runtime\Core\Public\Logging\LogScopedVerbosityOverride.h">
      <Filter>Header Files</Filter>
    </ClInclude>
    <ClInclude Include="Engine\Source\Runtime\Core\Public\Logging\LogTrace.h">
      <Filter>Header Files</Filter>
    </ClInclude>
    <ClInclude Include="Engine\Source\Runtime\Core\Public\Logging\LogVerbosity.h">
      <Filter>Header Files</Filter>
    </ClInclude>
    <ClInclude Include="Engine\Source\Runtime\Core\Public\Misc\AssertionMacros.h">
      <Filter>Header Files</Filter>
    </ClInclude>
    <ClInclude Include="Engine\Source\Runtime\Core\Public\Misc\Build.h">
      <Filter>Header Files</Filter>
    </ClInclude>
    <ClInclude Include="Engine\Source\Runtime\Core\Public\Misc\CoreMiscDefines.h">
      <Filter>Header Files</Filter>
    </ClInclude>
    <ClInclude Include="Engine\Source\Runtime\Core\Public\Misc\CString.h">
      <Filter>Header Files</Filter>
    </ClInclude>
    <ClInclude Include="Engine\Source\Runtime\Core\Public\Misc\FeedbackContext.h">
      <Filter>Header Files</Filter>
    </ClInclude>
    <ClInclude Include="Engine\Source\Runtime\Core\Public\Misc\OutputDevice.h">
      <Filter>Header Files</Filter>
    </ClInclude>
    <ClInclude Include="Engine\Source\Runtime\Core\Public\Misc\OutputDeviceError.h">
      <Filter>Header Files</Filter>
    </ClInclude>
    <ClInclude Include="Engine\Source\Runtime\Core\Public\Misc\OutputDeviceRedirector.h">
      <Filter>Header Files</Filter>
    </ClInclude>
    <ClInclude Include="Engine\Source\Runtime\Core\Public\Misc\ScopeLock.h">
      <Filter>Header Files</Filter>
    </ClInclude>
    <ClInclude Include="Engine\Source\Runtime\Core\Public\Misc\VarArgs.h">
      <Filter>Header Files</Filter>
    </ClInclude>
    <ClInclude Include="Engine\Source\Runtime\Core\Public\Templates\AndOrNot.h">
      <Filter>Header Files</Filter>
    </ClInclude>
    <ClInclude Include="Engine\Source\Runtime\Core\Public\Templates\EnableIf.h">
      <Filter>Header Files</Filter>
    </ClInclude>
    <ClInclude Include="Engine\Source\Runtime\Core\Public\Templates\IsArrayOrRefOfType.h">
      <Filter>Header Files</Filter>
    </ClInclude>
    <ClInclude Include="Engine\Source\Runtime\Core\Public\Templates\IsEnum.h">
      <Filter>Header Files</Filter>
    </ClInclude>
    <ClInclude Include="Engine\Source\Runtime\Core\Public\Templates\IsValidVariadicFunctionArg.h">
      <Filter>Header Files</Filter>
    </ClInclude>
    <ClInclude Include="Engine\Source\Runtime\Core\Public\Templates\UnrealTemplate.h">
      <Filter>Header Files</Filter>
    </ClInclude>
    <ClInclude Include="Engine\Source\Runtime\Core\Public\UObject\UnrealNames.h">
      <Filter>Header Files</Filter>
    </ClInclude>
    <ClInclude Include="Engine\Source\Runtime\Core\Public\Windows\WindowsCriticalSection.h">
      <Filter>Header Files</Filter>
    </ClInclude>
    <ClInclude Include="Engine\Source\Runtime\Core\Public\Windows\WindowsPlatform.h">
      <Filter>Header Files</Filter>
    </ClInclude>
    <ClInclude Include="Engine\Source\Runtime\Core\Public\Windows\WindowsPlatformMisc.h">
      <Filter>Header Files</Filter>
    </ClInclude>
    <ClInclude Include="Engine\Source\Runtime\Core\Public\Windows\WindowsPlatformString.h">
      <Filter>Header Files</Filter>
    </ClInclude>
    <ClInclude Include="Engine\Source\Runtime\Core\Private\Misc\VarargsHelper.h">
      <Filter>Header Files</Filter>
    </ClInclude>
    <ClInclude Include="Engine\Source\Runtime\Engine\Classes\Engine\EngineLogs.h">
      <Filter>Header Files</Filter>
    </ClInclude>
  </ItemGroup>
  <ItemGroup>
    <ClCompile Include="Server\dllmain.cpp">
      <Filter>Source Files</Filter>
    </ClCompile>
    <ClCompile Include="pch.cpp">
      <Filter>Source Files</Filter>
    </ClCompile>
    <ClCompile Include="Engine\Source\Runtime\Core\Private\GenericPlatform\GenericPlatformMisc.cpp">
      <Filter>Source Files</Filter>
    </ClCompile>
    <ClCompile Include="Engine\Source\Runtime\Core\Private\Logging\LogCategory.cpp">
      <Filter>Source Files</Filter>
    </ClCompile>
    <ClCompile Include="Engine\Source\Runtime\Core\Private\Logging\LogMacros.cpp">
      <Filter>Source Files</Filter>
    </ClCompile>
    <ClCompile Include="Engine\Source\Runtime\Core\Private\Logging\LogScopedCategoryAndVerbosityOverride.cpp">
      <Filter>Source Files</Filter>
    </ClCompile>
    <ClCompile Include="Engine\Source\Runtime\Core\Private\Logging\LogScopedVerbosityOverride.cpp">
      <Filter>Source Files</Filter>
    </ClCompile>
    <ClCompile Include="Engine\Source\Runtime\Core\Private\Misc\AssertionMacros.cpp">
      <Filter>Source Files</Filter>
    </ClCompile>
    <ClCompile Include="Engine\Source\Runtime\Core\Private\Misc\CoreMisc.cpp">
      <Filter>Source Files</Filter>
    </ClCompile>
    <ClCompile Include="Engine\Source\Runtime\Core\Private\Misc\OutputDevice.cpp">
      <Filter>Source Files</Filter>
    </ClCompile>
    <ClCompile Include="Engine\Source\Runtime\Core\Private\Misc\OutputDeviceRedirector.cpp">
      <Filter>Source Files</Filter>
    </ClCompile>
    <ClCompile Include="Engine\Source\Runtime\Core\Private\Windows\WindowsPlatformMisc.cpp">
      <Filter>Source Files</Filter>
    </ClCompile>
    <ClCompile Include="SDK\SDK\CoreUObject_functions.cpp">
      <Filter>Source Files</Filter>
    </ClCompile>
    <ClCompile Include="SDK\SDK\Basic.cpp">
      <Filter>Source Files</Filter>
    </ClCompile>
  </ItemGroup>
</Project>