<?xml version="1.0" encoding="utf-8"?>
<Project ToolsVersion="4.0" xmlns="http://schemas.microsoft.com/developer/msbuild/2003">
  <ItemGroup>
    <Filter Include="Source Files">
      <UniqueIdentifier>{4FC737F1-C7A5-4376-A066-2A32D752A2FF}</UniqueIdentifier>
      <Extensions>cpp;c;cc;cxx;c++;cppm;ixx;def;odl;idl;hpj;bat;asm;asmx</Extensions>
    </Filter>
    <Filter Include="Header Files">
      <UniqueIdentifier>{93995380-89BD-4b04-88EB-625FBE52EBFB}</UniqueIdentifier>
      <Extensions>h;hh;hpp;hxx;h++;hm;inl;inc;ipp;xsd</Extensions>
    </Filter>
    <Filter Include="Resource Files">
      <UniqueIdentifier>{67DA6AB6-F800-4c08-8B7A-83BB121AAD01}</UniqueIdentifier>
      <Extensions>rc;ico;cur;bmp;dlg;rc2;rct;bin;rgs;gif;jpg;jpeg;jpe;resx;tiff;tif;png;wav;mfcribbon-ms</Extensions>
    </Filter>
    <Filter Include="Engine">
      <UniqueIdentifier>{9d3e5101-5678-428a-a248-cad2e75d2dc0}</UniqueIdentifier>
    </Filter>
    <Filter Include="Engine\Source">
      <UniqueIdentifier>{6412732c-806e-42c9-b9e4-efe9ccc67e2d}</UniqueIdentifier>
    </Filter>
    <Filter Include="Engine\Source\Runtime">
      <UniqueIdentifier>{7e842522-8d02-4b56-8c3d-6888bb7263c0}</UniqueIdentifier>
    </Filter>
    <Filter Include="Engine\Source\Runtime\Core">
      <UniqueIdentifier>{53abcc57-7e16-4e08-a500-e5bda4fa597b}</UniqueIdentifier>
    </Filter>
    <Filter Include="Engine\Source\Runtime\Core\Public">
      <UniqueIdentifier>{69bbdc0a-7a81-45a5-9907-6c6da632035a}</UniqueIdentifier>
    </Filter>
    <Filter Include="Engine\Source\Runtime\Core\Public\Templates">
      <UniqueIdentifier>{8f593383-bf84-47b2-9338-37cd37d99e8d}</UniqueIdentifier>
    </Filter>
    <Filter Include="Engine\Source\Runtime\Core\Public\Containers">
      <UniqueIdentifier>{a87384ea-23af-4caf-b8cb-d34d5c2cd222}</UniqueIdentifier>
    </Filter>
    <Filter Include="Engine\Source\Runtime\Core\Public\HAL">
      <UniqueIdentifier>{41a6edc0-c99e-4458-ab5b-10c993558919}</UniqueIdentifier>
    </Filter>
    <Filter Include="Engine\Source\Runtime\Core\Public\Math">
      <UniqueIdentifier>{ae4ae37b-9476-4c5f-a11e-cb2231cc0dc6}</UniqueIdentifier>
    </Filter>
    <Filter Include="Engine\Source\Runtime\Core\Public\Windows">
      <UniqueIdentifier>{dea0bd40-ea01-4d6e-b3f5-53f9653193db}</UniqueIdentifier>
    </Filter>
    <Filter Include="Engine\Source\Runtime\Net">
      <UniqueIdentifier>{9be6a602-2a0b-4faf-b0e5-bfd9030b42fb}</UniqueIdentifier>
    </Filter>
    <Filter Include="Engine\Source\Runtime\Net\Core">
      <UniqueIdentifier>{57b1b1cb-5486-4179-b676-0380f5ca8c44}</UniqueIdentifier>
    </Filter>
    <Filter Include="Engine\Source\Runtime\Net\Core\Public">
      <UniqueIdentifier>{71af58cf-6e1b-4533-8967-e0df2787e771}</UniqueIdentifier>
    </Filter>
    <Filter Include="Engine\Source\Runtime\Net\Core\Public\Net">
      <UniqueIdentifier>{619f30d5-2162-4002-9efc-ac32c7d29190}</UniqueIdentifier>
    </Filter>
    <Filter Include="Engine\Source\Runtime\Net\Core\Public\Net\Core">
      <UniqueIdentifier>{a7f079de-44e3-46d4-83df-1b4d552d2a2e}</UniqueIdentifier>
    </Filter>
    <Filter Include="Engine\Source\Runtime\Net\Core\Public\Net\Core\PushModel">
      <UniqueIdentifier>{b4987804-b950-4c9f-9020-968edd3c52bd}</UniqueIdentifier>
    </Filter>
    <Filter Include="Engine\Source\Runtime\Engine">
      <UniqueIdentifier>{52179d40-1a78-469a-8553-7f3ca85d0dbc}</UniqueIdentifier>
    </Filter>
    <Filter Include="Engine\Source\Runtime\Engine\Public">
      <UniqueIdentifier>{80b64fa5-e43c-4fe4-b452-314808ba4017}</UniqueIdentifier>
    </Filter>
    <Filter Include="FortniteGame">
      <UniqueIdentifier>{fc0a6f37-153c-472e-bb65-303afa8b538b}</UniqueIdentifier>
    </Filter>
    <Filter Include="FortniteGame\Source">
      <UniqueIdentifier>{e2b3a021-3930-4f6a-9525-727f37eb6510}</UniqueIdentifier>
    </Filter>
    <Filter Include="FortniteGame\Source\FortniteGame">
      <UniqueIdentifier>{fbd7fd46-3dd2-42a1-b01b-28d486bb010e}</UniqueIdentifier>
    </Filter>
    <Filter Include="FortniteGame\Source\FortniteGame\Private">
      <UniqueIdentifier>{3a35e1a8-8835-4619-825f-3bb34dcbe1ae}</UniqueIdentifier>
    </Filter>
    <Filter Include="FortniteGame\Source\FortniteGame\Private\Online">
      <UniqueIdentifier>{8a7dcd01-2382-4355-ac6f-c4cd4eca3046}</UniqueIdentifier>
    </Filter>
    <Filter Include="FortniteGame\Source\FortniteGame\Private\Athena">
      <UniqueIdentifier>{053bbb06-8a94-4a46-93fd-935c02b9b4e4}</UniqueIdentifier>
    </Filter>
    <Filter Include="Engine\Source\Runtime\Engine\Classes">
      <UniqueIdentifier>{0f25f1c9-61c8-4bd4-bfe4-5ccb142341d2}</UniqueIdentifier>
    </Filter>
    <Filter Include="Engine\Source\Runtime\Engine\Classes\GameFramework">
      <UniqueIdentifier>{353d71ca-090d-47dc-ad0b-1eec05aa9b73}</UniqueIdentifier>
    </Filter>
  </ItemGroup>
  <ItemGroup>
    <ClInclude Include="framework.h">
      <Filter>Header Files</Filter>
    </ClInclude>
    <ClInclude Include="pch.h">
      <Filter>Header Files</Filter>
    </ClInclude>
    <ClInclude Include="Engine\Source\Runtime\Core\Public\CoreGlobals.h">
      <Filter>Header Files</Filter>
    </ClInclude>
    <ClInclude Include="Engine\Source\Runtime\Core\Public\CoreTypes.h">
      <Filter>Header Files</Filter>
    </ClInclude>
    <ClInclude Include="Engine\Source\Runtime\Core\Public\Containers\StringConv.h">
      <Filter>Header Files</Filter>
    </ClInclude>
    <ClInclude Include="Engine\Source\Runtime\Core\Public\GenericPlatform\GenericPlatformMisc.h">
      <Filter>Header Files</Filter>
    </ClInclude>
    <ClInclude Include="Engine\Source\Runtime\Core\Public\HAL\CriticalSection.h">
      <Filter>Header Files</Filter>
    </ClInclude>
    <ClInclude Include="Engine\Source\Runtime\Core\Public\HAL\Platform.h">
      <Filter>Header Files</Filter>
    </ClInclude>
    <ClInclude Include="Engine\Source\Runtime\Core\Public\HAL\PlatformMisc.h">
      <Filter>Header Files</Filter>
    </ClInclude>
    <ClInclude Include="Engine\Source\Runtime\Core\Public\HAL\PreprocessorHelpers.h">
      <Filter>Header Files</Filter>
    </ClInclude>
    <ClInclude Include="Engine\Source\Runtime\Core\Public\HAL\UnrealMemory.h">
      <Filter>Header Files</Filter>
    </ClInclude>
    <ClInclude Include="Engine\Source\Runtime\Core\Public\Logging\LogCategory.h">
      <Filter>Header Files</Filter>
    </ClInclude>
    <ClInclude Include="Engine\Source\Runtime\Core\Public\Logging\LogMacros.h">
      <Filter>Header Files</Filter>
    </ClInclude>
    <ClInclude Include="Engine\Source\Runtime\Core\Public\Logging\LogScopedCategoryAndVerbosityOverride.h">
      <Filter>Header Files</Filter>
    </ClInclude>
    <ClInclude Include="Engine\Source\Runtime\Core\Public\Logging\LogScopedVerbosityOverride.h">
      <Filter>Header Files</Filter>
    </ClInclude>
    <ClInclude Include="Engine\Source\Runtime\Core\Public\Logging\LogTrace.h">
      <Filter>Header Files</Filter>
    </ClInclude>
    <ClInclude Include="Engine\Source\Runtime\Core\Public\Logging\LogVerbosity.h">
      <Filter>Header Files</Filter>
    </ClInclude>
    <ClInclude Include="Engine\Source\Runtime\Core\Public\Misc\AssertionMacros.h">
      <Filter>Header Files</Filter>
    </ClInclude>
    <ClInclude Include="Engine\Source\Runtime\Core\Public\Misc\Build.h">
      <Filter>Header Files</Filter>
    </ClInclude>
    <ClInclude Include="Engine\Source\Runtime\Core\Public\Misc\CoreMiscDefines.h">
      <Filter>Header Files</Filter>
    </ClInclude>
    <ClInclude Include="Engine\Source\Runtime\Core\Public\Misc\CString.h">
      <Filter>Header Files</Filter>
    </ClInclude>
    <ClInclude Include="Engine\Source\Runtime\Core\Public\Misc\FeedbackContext.h">
      <Filter>Header Files</Filter>
    </ClInclude>
    <ClInclude Include="Engine\Source\Runtime\Core\Public\Misc\OutputDevice.h">
      <Filter>Header Files</Filter>
    </ClInclude>
    <ClInclude Include="Engine\Source\Runtime\Core\Public\Misc\OutputDeviceError.h">
      <Filter>Header Files</Filter>
    </ClInclude>
    <ClInclude Include="Engine\Source\Runtime\Core\Public\Misc\OutputDeviceRedirector.h">
      <Filter>Header Files</Filter>
    </ClInclude>
    <ClInclude Include="Engine\Source\Runtime\Core\Public\Misc\ScopeLock.h">
      <Filter>Header Files</Filter>
    </ClInclude>
    <ClInclude Include="Engine\Source\Runtime\Core\Public\Misc\VarArgs.h">
      <Filter>Header Files</Filter>
    </ClInclude>
    <ClInclude Include="Engine\Source\Runtime\Core\Public\Templates\AndOrNot.h">
      <Filter>Header Files</Filter>
    </ClInclude>
    <ClInclude Include="Engine\Source\Runtime\Core\Public\Templates\EnableIf.h">
      <Filter>Header Files</Filter>
    </ClInclude>
    <ClInclude Include="Engine\Source\Runtime\Core\Public\Templates\IsArrayOrRefOfType.h">
      <Filter>Header Files</Filter>
    </ClInclude>
    <ClInclude Include="Engine\Source\Runtime\Core\Public\Templates\IsEnum.h">
      <Filter>Header Files</Filter>
    </ClInclude>
    <ClInclude Include="Engine\Source\Runtime\Core\Public\Templates\IsValidVariadicFunctionArg.h">
      <Filter>Header Files</Filter>
    </ClInclude>
    <ClInclude Include="Engine\Source\Runtime\Core\Public\Templates\UnrealTemplate.h">
      <Filter>Header Files</Filter>
    </ClInclude>
    <ClInclude Include="Engine\Source\Runtime\Core\Public\UObject\UnrealNames.h">
      <Filter>Header Files</Filter>
    </ClInclude>
    <ClInclude Include="Engine\Source\Runtime\Core\Public\Windows\WindowsCriticalSection.h">
      <Filter>Header Files</Filter>
    </ClInclude>
    <ClInclude Include="Engine\Source\Runtime\Core\Public\Windows\WindowsPlatform.h">
      <Filter>Header Files</Filter>
    </ClInclude>
    <ClInclude Include="Engine\Source\Runtime\Core\Public\Windows\WindowsPlatformMisc.h">
      <Filter>Header Files</Filter>
    </ClInclude>
    <ClInclude Include="Engine\Source\Runtime\Core\Public\Windows\WindowsPlatformString.h">
      <Filter>Header Files</Filter>
    </ClInclude>
    <ClInclude Include="Engine\Source\Runtime\Core\Private\Misc\VarargsHelper.h">
      <Filter>Header Files</Filter>
    </ClInclude>
    <ClInclude Include="Engine\Source\Runtime\Engine\Classes\Engine\Engine.h">
      <Filter>Header Files</Filter>
    </ClInclude>
    <ClInclude Include="Engine\Source\Runtime\Engine\Classes\Engine\EngineBaseTypes.h">
      <Filter>Header Files</Filter>
    </ClInclude>
    <ClInclude Include="Engine\Source\Runtime\Engine\Classes\Engine\EngineLogs.h">
      <Filter>Header Files</Filter>
    </ClInclude>
    <ClInclude Include="Engine\Source\Runtime\Engine\Classes\Engine\World.h">
      <Filter>Header Files</Filter>
    </ClInclude>
    <ClInclude Include="Engine\Source\Runtime\Core\Public\HAL\LowLevelMemTracker.h">
      <Filter>Header Files</Filter>
    </ClInclude>
    <ClInclude Include="Engine\Source\Runtime\Core\Public\Misc\Char.h">
      <Filter>Header Files</Filter>
    </ClInclude>
    <ClInclude Include="Engine\Source\Runtime\Core\Public\Misc\CommandLine.h">
      <Filter>Header Files</Filter>
    </ClInclude>
    <ClInclude Include="Engine\Source\Runtime\Core\Public\Misc\Parse.h">
      <Filter>Header Files</Filter>
    </ClInclude>
    <ClInclude Include="Engine\Source\Runtime\Core\Public\Traits\IntType.h">
      <Filter>Header Files</Filter>
    </ClInclude>
    <ClInclude Include="Engine\Source\Runtime\Core\Public\UObject\NameTypes.h">
      <Filter>Header Files</Filter>
    </ClInclude>
    <ClInclude Include="Engine\Source\Runtime\Core\Public\UObject\UnrealNames.inl">
      <Filter>Header Files</Filter>
    </ClInclude>
    <ClInclude Include="Engine\Source\Runtime\Core\Public\GenericPlatform\GenericPlatformMemory.h">
      <Filter>Header Files</Filter>
    </ClInclude>
    <ClInclude Include="Engine\Source\Runtime\Core\Public\Windows\WindowsPlatformMemory.h">
      <Filter>Header Files</Filter>
    </ClInclude>
    <ClInclude Include="Engine\Source\Runtime\Core\Public\HAL\PlatformMemory.h">
      <Filter>Header Files</Filter>
    </ClInclude>
    <ClInclude Include="Engine\Source\Runtime\Core\Public\Math\NumericLimits.h">
      <Filter>Header Files</Filter>
    </ClInclude>
    <ClInclude Include="Engine\Source\Runtime\Core\Public\Containers\ContainerAllocationPolicies.h">
      <Filter>Header Files</Filter>
    </ClInclude>
    <ClInclude Include="Engine\Source\Runtime\Core\Public\Templates\TypeHash.h">
      <Filter>Header Files</Filter>
    </ClInclude>
    <ClInclude Include="Engine\Source\Runtime\Core\Public\Templates\RemoveReference.h">
      <Filter>Header Files</Filter>
    </ClInclude>
    <ClInclude Include="Engine\Source\Runtime\Core\Public\Templates\RemoveCV.h">
      <Filter>Header Files</Filter>
    </ClInclude>
    <ClInclude Include="Engine\Source\Runtime\Core\Public\Templates\IsPointer.h">
      <Filter>Header Files</Filter>
    </ClInclude>
    <ClInclude Include="Engine\Source\Runtime\Core\Public\Templates\IsArithmetic.h">
      <Filter>Header Files</Filter>
    </ClInclude>
    <ClInclude Include="Engine\Source\Runtime\Core\Public\Templates\IsIntegral.h">
      <Filter>Header Files</Filter>
    </ClInclude>
    <ClInclude Include="Engine\Source\Runtime\Core\Public\Templates\IsPODType.h">
      <Filter>Header Files</Filter>
    </ClInclude>
    <ClInclude Include="Engine\Source\Runtime\Core\Public\Templates\IsTriviallyDestructible.h">
      <Filter>Header Files</Filter>
    </ClInclude>
    <ClInclude Include="Engine\Source\Runtime\Core\Public\Templates\TypeCompatibleBytes.h">
      <Filter>Header Files</Filter>
    </ClInclude>
    <ClInclude Include="Engine\Source\Runtime\Core\Public\Templates\UnrealTypeTraits.h">
      <Filter>Header Files</Filter>
    </ClInclude>
    <ClInclude Include="Engine\Source\Runtime\Core\Public\Templates\MemoryOps.h">
      <Filter>Header Files</Filter>
    </ClInclude>
    <ClInclude Include="Engine\Source\Runtime\Core\Public\Templates\AlignmentTemplates.h">
      <Filter>Header Files</Filter>
    </ClInclude>
    <ClInclude Include="Engine\Source\Runtime\Core\Public\Templates\Less.h">
      <Filter>Header Files</Filter>
    </ClInclude>
    <ClInclude Include="Engine\Source\Runtime\Core\Public\Templates\IdentityFunctor.h">
      <Filter>Header Files</Filter>
    </ClInclude>
    <ClInclude Include="Engine\Source\Runtime\Core\Public\Templates\Invoke.h">
      <Filter>Header Files</Filter>
    </ClInclude>
    <ClInclude Include="Engine\Source\Runtime\Core\Public\Templates\ReversePredicate.h">
      <Filter>Header Files</Filter>
    </ClInclude>
    <ClInclude Include="Engine\Source\Runtime\Core\Public\Templates\Sorting.h">
      <Filter>Header Files</Filter>
    </ClInclude>
    <ClInclude Include="Engine\Source\Runtime\Core\Public\Templates\SharedPointerInternals.h">
      <Filter>Header Files</Filter>
    </ClInclude>
    <ClInclude Include="Engine\Source\Runtime\Core\Public\Templates\SharedPointer.h">
      <Filter>Header Files</Filter>
    </ClInclude>
    <ClInclude Include="Engine\Source\Runtime\Core\Public\Templates\UniquePtr.h">
      <Filter>Header Files</Filter>
    </ClInclude>
    <ClInclude Include="Engine\Source\Runtime\Core\Public\Templates\Function.h">
      <Filter>Header Files</Filter>
    </ClInclude>
    <ClInclude Include="Engine\Source\Runtime\Core\Public\Traits\IsContiguousContainer.h">
      <Filter>Header Files</Filter>
    </ClInclude>
    <ClInclude Include="Engine\Source\Runtime\Core\Public\Misc\EnumClassFlags.h">
      <Filter>Header Files</Filter>
    </ClInclude>
    <ClInclude Include="Engine\Source\Runtime\Core\Public\Misc\MemStack.h">
      <Filter>Header Files</Filter>
    </ClInclude>
    <ClInclude Include="Engine\Source\Runtime\Core\Public\Misc\NetworkGuid.h">
      <Filter>Header Files</Filter>
    </ClInclude>
    <ClInclude Include="Engine\Source\Runtime\Core\Public\Algo\Impl\BinaryHeap.h">
      <Filter>Header Files</Filter>
    </ClInclude>
    <ClInclude Include="Engine\Source\Runtime\Core\Public\Algo\IntroSort.h">
      <Filter>Header Files</Filter>
    </ClInclude>
    <ClInclude Include="Engine\Source\Runtime\Core\Public\Algo\Sort.h">
      <Filter>Header Files</Filter>
    </ClInclude>
    <ClInclude Include="Engine\Source\Runtime\Core\Public\GenericPlatform\GenericPlatformMath.h">
      <Filter>Header Files</Filter>
    </ClInclude>
    <ClInclude Include="Engine\Source\Runtime\Core\Public\GenericPlatform\GenericPlatformTLS.h">
      <Filter>Header Files</Filter>
    </ClInclude>
    <ClInclude Include="Engine\Source\Runtime\Core\Public\Windows\WindowsPlatformMath.h">
      <Filter>Header Files</Filter>
    </ClInclude>
    <ClInclude Include="Engine\Source\Runtime\Core\Public\Windows\WindowsPlatformTLS.h">
      <Filter>Header Files</Filter>
    </ClInclude>
    <ClInclude Include="Engine\Source\Runtime\Core\Public\Windows\WindowsPlatformAtomics.h">
      <Filter>Header Files</Filter>
    </ClInclude>
    <ClInclude Include="Engine\Source\Runtime\Core\Public\Windows\WindowsPlatformCompilerPreSetup.h">
      <Filter>Header Files</Filter>
    </ClInclude>
    <ClInclude Include="Engine\Source\Runtime\Core\Public\HAL\PlatformMath.h">
      <Filter>Header Files</Filter>
    </ClInclude>
    <ClInclude Include="Engine\Source\Runtime\Core\Public\HAL\PlatformTLS.h">
      <Filter>Header Files</Filter>
    </ClInclude>
    <ClInclude Include="Engine\Source\Runtime\Core\Public\HAL\PlatformAtomics.h">
      <Filter>Header Files</Filter>
    </ClInclude>
    <ClInclude Include="Engine\Source\Runtime\Core\Public\HAL\TlsAutoCleanup.h">
      <Filter>Header Files</Filter>
    </ClInclude>
    <ClInclude Include="Engine\Source\Runtime\Core\Public\HAL\ThreadSingleton.h">
      <Filter>Header Files</Filter>
    </ClInclude>
    <ClInclude Include="Engine\Source\Runtime\Core\Public\HAL\IConsoleManager.h">
      <Filter>Header Files</Filter>
    </ClInclude>
    <ClInclude Include="Engine\Source\Runtime\Core\Public\Math\UnrealMathUtility.h">
      <Filter>Header Files</Filter>
    </ClInclude>
    <ClInclude Include="Engine\Source\Runtime\Core\Public\Stats\Stats.h">
      <Filter>Header Files</Filter>
    </ClInclude>
    <ClInclude Include="Engine\Source\Runtime\Core\Public\ProfilingDebugging\CsvProfiler.h">
      <Filter>Header Files</Filter>
    </ClInclude>
    <ClInclude Include="Engine\Source\Runtime\CoreUObject\Public\UObject\CoreNetTypes.h">
      <Filter>Header Files</Filter>
    </ClInclude>
    <ClInclude Include="Engine\Source\Runtime\CoreUObject\Public\UObject\UObjectBaseUtility.h">
      <Filter>Header Files</Filter>
    </ClInclude>
    <ClInclude Include="Engine\Source\Runtime\CoreUObject\Public\UObject\ObjectMacros.h">
      <Filter>Header Files</Filter>
    </ClInclude>
    <ClInclude Include="Engine\Source\Runtime\Net\Core\Public\Net\Core\PushModel\PushModel.h">
      <Filter>Header Files</Filter>
    </ClInclude>
    <ClInclude Include="Engine\Source\Runtime\Engine\Classes\Engine\NetConnection.h">
      <Filter>Header Files</Filter>
    </ClInclude>
    <ClInclude Include="Engine\Source\Runtime\Engine\Classes\Engine\Channel.h">
      <Filter>Header Files</Filter>
    </ClInclude>
    <ClInclude Include="Engine\Source\Runtime\Engine\Classes\Engine\ActorChannel.h">
      <Filter>Header Files</Filter>
    </ClInclude>
    <ClInclude Include="Engine\Source\Runtime\Engine\Classes\Engine\NetDriver.h">
      <Filter>Header Files</Filter>
    </ClInclude>
    <ClInclude Include="Engine\Source\Runtime\Engine\Classes\Engine\NetworkObjectList.h">
      <Filter>Header Files</Filter>
    </ClInclude>
    <ClInclude Include="Engine\Source\Runtime\Engine\Classes\Engine\PackageMapClient.h">
      <Filter>Header Files</Filter>
    </ClInclude>
    <ClInclude Include="Engine\Source\Runtime\Engine\Public\NetworkingDistanceConstants.h">
      <Filter>Header Files</Filter>
    </ClInclude>
    <ClInclude Include="Engine\Source\Runtime\Engine\Public\Net\NetAnalyticsTypes.h">
      <Filter>Header Files</Filter>
    </ClInclude>
    <ClInclude Include="Engine\Source\Runtime\Engine\Public\Net\DataReplication.h">
      <Filter>Header Files</Filter>
    </ClInclude>
    <ClInclude Include="Engine\Source\Runtime\Core\Public\Templates\IsClass.h">
      <Filter>Engine\Source\Runtime\Core\Public\Templates</Filter>
    </ClInclude>
    <ClInclude Include="Engine\Source\Runtime\Core\Public\Templates\AreTypesEqual.h">
      <Filter>Engine\Source\Runtime\Core\Public\Templates</Filter>
    </ClInclude>
    <ClInclude Include="Engine\Source\Runtime\Core\Public\Templates\IsTriviallyCopyConstructible.h">
      <Filter>Engine\Source\Runtime\Core\Public\Templates</Filter>
    </ClInclude>
    <ClInclude Include="Engine\Source\Runtime\Core\Public\Templates\IsTriviallyCopyAssignable.h">
      <Filter>Engine\Source\Runtime\Core\Public\Templates</Filter>
    </ClInclude>
    <ClInclude Include="Engine\Source\Runtime\Core\Public\Containers\ContainersFwd.h">
      <Filter>Engine\Source\Runtime\Core\Public\Containers</Filter>
    </ClInclude>
    <ClInclude Include="Engine\Source\Runtime\Core\Public\HAL\MemoryBase.h">
      <Filter>Engine\Source\Runtime\Core\Public\HAL</Filter>
    </ClInclude>
    <ClInclude Include="Engine\Source\Runtime\Core\Public\Math\UnrealPlatformMathSSE.h">
      <Filter>Engine\Source\Runtime\Core\Public\Math</Filter>
    </ClInclude>
    <ClInclude Include="Engine\Source\Runtime\Core\Public\Math\UnrealPlatformMathSSE4.h">
      <Filter>Engine\Source\Runtime\Core\Public\Math</Filter>
    </ClInclude>
    <ClInclude Include="Engine\Source\Runtime\Core\Public\Windows\MinimalWindowsApi.h">
      <Filter>Engine\Source\Runtime\Core\Public\Windows</Filter>
    </ClInclude>
    <ClInclude Include="Engine\Source\Runtime\Net\Core\Public\Net\Core\PushModel\PushModelMacros.h">
      <Filter>Engine\Source\Runtime\Net\Core\Public\Net\Core\PushModel</Filter>
    </ClInclude>
    <ClInclude Include="Engine\Source\Runtime\Engine\Public\EngineStats.h">
      <Filter>Engine\Source\Runtime\Engine\Public</Filter>
    </ClInclude>
    <ClInclude Include="Engine\Source\Runtime\Core\Public\Stats\StatsCommon.h">
      <Filter>Engine\Source\Runtime\Core\Public\Stats</Filter>
    </ClInclude>
    <ClInclude Include="Engine\Source\Runtime\Engine\Classes\GameFramework\GameMode.h">
      <Filter>Engine\Source\Runtime\Engine\Classes\GameFramework</Filter>
    </ClInclude>
  </ItemGroup>
  <ItemGroup>
    <ClCompile Include="Server\dllmain.cpp">
      <Filter>Source Files</Filter>
    </ClCompile>
    <ClCompile Include="pch.cpp">
      <Filter>Source Files</Filter>
    </ClCompile>
    <ClCompile Include="Engine\Source\Runtime\Core\Private\GenericPlatform\GenericPlatformMisc.cpp">
      <Filter>Source Files</Filter>
    </ClCompile>
    <ClCompile Include="Engine\Source\Runtime\Core\Private\Logging\LogCategory.cpp">
      <Filter>Source Files</Filter>
    </ClCompile>
    <ClCompile Include="Engine\Source\Runtime\Core\Private\Logging\LogMacros.cpp">
      <Filter>Source Files</Filter>
    </ClCompile>
    <ClCompile Include="Engine\Source\Runtime\Core\Private\Logging\LogScopedCategoryAndVerbosityOverride.cpp">
      <Filter>Source Files</Filter>
    </ClCompile>
    <ClCompile Include="Engine\Source\Runtime\Core\Private\Logging\LogScopedVerbosityOverride.cpp">
      <Filter>Source Files</Filter>
    </ClCompile>
    <ClCompile Include="Engine\Source\Runtime\Core\Private\Misc\AssertionMacros.cpp">
      <Filter>Source Files</Filter>
    </ClCompile>
    <ClCompile Include="Engine\Source\Runtime\Core\Private\Misc\CoreMisc.cpp">
      <Filter>Source Files</Filter>
    </ClCompile>
    <ClCompile Include="Engine\Source\Runtime\Core\Private\Misc\OutputDevice.cpp">
      <Filter>Source Files</Filter>
    </ClCompile>
    <ClCompile Include="Engine\Source\Runtime\Core\Private\Misc\OutputDeviceRedirector.cpp">
      <Filter>Source Files</Filter>
    </ClCompile>
    <ClCompile Include="Engine\Source\Runtime\Core\Private\Windows\WindowsPlatformMisc.cpp">
      <Filter>Source Files</Filter>
    </ClCompile>
    <ClCompile Include="SDK\SDK\CoreUObject_functions.cpp">
      <Filter>Source Files</Filter>
    </ClCompile>
    <ClCompile Include="SDK\SDK\Basic.cpp">
      <Filter>Source Files</Filter>
    </ClCompile>
    <ClCompile Include="Engine\Source\Runtime\Core\Private\Misc\CommandLine.cpp">
      <Filter>Source Files</Filter>
    </ClCompile>
    <ClCompile Include="Engine\Source\Runtime\Core\Private\Misc\Parse.cpp">
      <Filter>Source Files</Filter>
    </ClCompile>
    <ClCompile Include="Engine\Source\Runtime\Core\Private\UObject\UnrealNames.cpp">
      <Filter>Source Files</Filter>
    </ClCompile>
    <ClCompile Include="Engine\Source\Runtime\Engine\Private\UnrealEngine.cpp">
      <Filter>Source Files</Filter>
    </ClCompile>
    <ClCompile Include="Engine\Source\Runtime\Engine\Private\URL.cpp">
      <Filter>Source Files</Filter>
    </ClCompile>
    <ClCompile Include="Engine\Source\Runtime\Engine\Private\World.cpp">
      <Filter>Source Files</Filter>
    </ClCompile>
    <ClCompile Include="Engine\Source\Runtime\Core\Private\HAL\ThreadingBase.cpp">
      <Filter>Source Files</Filter>
    </ClCompile>
    <ClCompile Include="Engine\Source\Runtime\Core\Private\HAL\ConsoleManager.cpp">
      <Filter>Source Files</Filter>
    </ClCompile>
    <ClCompile Include="Engine\Source\Runtime\Core\Private\Misc\MemStack.cpp">
      <Filter>Source Files</Filter>
    </ClCompile>
    <ClCompile Include="Engine\Source\Runtime\Engine\Private\Net\NetAnalyticsTypes.cpp">
      <Filter>Source Files</Filter>
    </ClCompile>
    <ClCompile Include="Engine\Source\Runtime\Engine\Private\DataReplication.cpp">
      <Filter>Source Files</Filter>
    </ClCompile>
    <ClCompile Include="Engine\Source\Runtime\Engine\Private\PackageMapClient.cpp">
      <Filter>Source Files</Filter>
    </ClCompile>
    <ClCompile Include="Engine\Source\Runtime\Engine\Private\DataChannel.cpp">
      <Filter>Source Files</Filter>
    </ClCompile>
    <ClCompile Include="Engine\Source\Runtime\Engine\Private\NetConnection.cpp">
      <Filter>Source Files</Filter>
    </ClCompile>
    <ClCompile Include="Engine\Source\Runtime\Engine\Private\NetDriver.cpp">
      <Filter>Source Files</Filter>
    </ClCompile>
    <ClCompile Include="FortniteGame\Source\FortniteGame\Private\Online\FortGameSession.cpp">
      <Filter>FortniteGame\Source\FortniteGame\Private\Online</Filter>
    </ClCompile>
    <ClCompile Include="FortniteGame\Source\FortniteGame\Private\Athena\FortGameModeAthena.cpp">
      <Filter>FortniteGame\Source\FortniteGame\Private\Athena</Filter>
    </ClCompile>
    <ClCompile Include="FortniteGame\Source\FortniteGame\Private\FortGameMode.cpp">
      <Filter>FortniteGame\Source\FortniteGame\Private</Filter>
    </ClCompile>
    <ClCompile Include="FortniteGame\Source\FortniteGame\Private\FortGameModeZone.cpp">
      <Filter>FortniteGame\Source\FortniteGame\Private</Filter>
    </ClCompile>
  </ItemGroup>
</Project>